
Microsoft Visual Studio Solution File, Format Version 11.00
# Visual Studio 2010
Project("{FAE04EC0-301F-11D3-BF4B-00C04F79EFBC}") = "CoreSystem", "CoreSystem\CoreSystem.csproj", "{FBBFE4AC-73C2-47CB-8925-858501D1AE8F}"
EndProject
Project("{2150E333-8FDC-42A3-9474-1A3956D46DE8}") = "Solution Items", "Solution Items", "{06E00820-B0E2-478E-A9CD-FD99D40CDA95}"
	ProjectSection(SolutionItems) = preProject
		README.md = README.md
	EndProjectSection
EndProject
Project("{FAE04EC0-301F-11D3-BF4B-00C04F79EFBC}") = "CoreSystem.Test", "CoreSystem.Test\CoreSystem.Test.csproj", "{826EE9FE-8C88-487C-85E4-67EAE2096D57}"
EndProject
Global
	GlobalSection(SolutionConfigurationPlatforms) = preSolution
		Debug|Any CPU = Debug|Any CPU
		Release|Any CPU = Release|Any CPU
	EndGlobalSection
	GlobalSection(ProjectConfigurationPlatforms) = postSolution
		{FBBFE4AC-73C2-47CB-8925-858501D1AE8F}.Debug|Any CPU.ActiveCfg = Debug|Any CPU
		{FBBFE4AC-73C2-47CB-8925-858501D1AE8F}.Debug|Any CPU.Build.0 = Debug|Any CPU
		{FBBFE4AC-73C2-47CB-8925-858501D1AE8F}.Release|Any CPU.ActiveCfg = Release|Any CPU
		{FBBFE4AC-73C2-47CB-8925-858501D1AE8F}.Release|Any CPU.Build.0 = Release|Any CPU
		{B3A44703-9807-4C75-B4FF-488F996FECCF}.Debug|Any CPU.ActiveCfg = Debug|Any CPU
		{B3A44703-9807-4C75-B4FF-488F996FECCF}.Debug|Any CPU.Build.0 = Debug|Any CPU
		{B3A44703-9807-4C75-B4FF-488F996FECCF}.Release|Any CPU.ActiveCfg = Release|Any CPU
		{826EE9FE-8C88-487C-85E4-67EAE2096D57}.Debug|Any CPU.ActiveCfg = Debug|Any CPU
		{826EE9FE-8C88-487C-85E4-67EAE2096D57}.Debug|Any CPU.Build.0 = Debug|Any CPU
		{826EE9FE-8C88-487C-85E4-67EAE2096D57}.Release|Any CPU.ActiveCfg = Release|Any CPU
		{826EE9FE-8C88-487C-85E4-67EAE2096D57}.Release|Any CPU.Build.0 = Release|Any CPU
	EndGlobalSection
	GlobalSection(SolutionProperties) = preSolution
		HideSolutionNode = FALSE
	EndGlobalSection
EndGlobal
